
Microsoft Visual Studio Solution File, Format Version 12.00
# Visual Studio 15
VisualStudioVersion = 15.0.27130.2020
MinimumVisualStudioVersion = 10.0.40219.1
Project("{FAE04EC0-301F-11D3-BF4B-00C04F79EFBC}") = "Roll-Calculator2", "Roll-Calculator2\Roll-Calculator2.csproj", "{57E91398-BBBC-4B02-8B62-24B480CB2853}"
EndProject
Global
	GlobalSection(SolutionConfigurationPlatforms) = preSolution
		Debug|Any CPU = Debug|Any CPU
		Release|Any CPU = Release|Any CPU
	EndGlobalSection
	GlobalSection(ProjectConfigurationPlatforms) = postSolution
		{57E91398-BBBC-4B02-8B62-24B480CB2853}.Debug|Any CPU.ActiveCfg = Debug|Any CPU
		{57E91398-BBBC-4B02-8B62-24B480CB2853}.Debug|Any CPU.Build.0 = Debug|Any CPU
		{57E91398-BBBC-4B02-8B62-24B480CB2853}.Release|Any CPU.ActiveCfg = Release|Any CPU
		{57E91398-BBBC-4B02-8B62-24B480CB2853}.Release|Any CPU.Build.0 = Release|Any CPU
	EndGlobalSection
	GlobalSection(SolutionProperties) = preSolution
		HideSolutionNode = FALSE
	EndGlobalSection
	GlobalSection(ExtensibilityGlobals) = postSolution
		SolutionGuid = {9746E9FA-9B09-4592-9620-096D979B2117}
	EndGlobalSection
EndGlobal
